
Microsoft Visual Studio Solution File, Format Version 12.00
# Visual Studio Version 17
VisualStudioVersion = 17.4.33205.214
MinimumVisualStudioVersion = 10.0.40219.1
Project("{FAE04EC0-301F-11D3-BF4B-00C04F79EFBC}") = "tipos_de_variaveis", "tipos_de_variaveis\tipos_de_variaveis.csproj", "{8D185029-E203-47E7-8C69-B267C06F0309}"
EndProject
Project("{FAE04EC0-301F-11D3-BF4B-00C04F79EFBC}") = "condicionais_e_operadores", "condicionais_e_operadores\condicionais_e_operadores.csproj", "{C7F64651-65FD-4266-BA2A-A2DEBAC4A942}"
EndProject
Project("{2150E333-8FDC-42A3-9474-1A3956D46DE8}") = "AULA02", "AULA02", "{1C366767-16CE-4BCE-990D-8BE3CA29036C}"
EndProject
Project("{2150E333-8FDC-42A3-9474-1A3956D46DE8}") = "AULA03", "AULA03", "{3B70CCA6-1A87-4736-9519-433DF1946D84}"
EndProject
Global
	GlobalSection(SolutionConfigurationPlatforms) = preSolution
		Debug|Any CPU = Debug|Any CPU
		Release|Any CPU = Release|Any CPU
	EndGlobalSection
	GlobalSection(ProjectConfigurationPlatforms) = postSolution
		{8D185029-E203-47E7-8C69-B267C06F0309}.Debug|Any CPU.ActiveCfg = Debug|Any CPU
		{8D185029-E203-47E7-8C69-B267C06F0309}.Debug|Any CPU.Build.0 = Debug|Any CPU
		{8D185029-E203-47E7-8C69-B267C06F0309}.Release|Any CPU.ActiveCfg = Release|Any CPU
		{8D185029-E203-47E7-8C69-B267C06F0309}.Release|Any CPU.Build.0 = Release|Any CPU
		{C7F64651-65FD-4266-BA2A-A2DEBAC4A942}.Debug|Any CPU.ActiveCfg = Debug|Any CPU
		{C7F64651-65FD-4266-BA2A-A2DEBAC4A942}.Debug|Any CPU.Build.0 = Debug|Any CPU
		{C7F64651-65FD-4266-BA2A-A2DEBAC4A942}.Release|Any CPU.ActiveCfg = Release|Any CPU
		{C7F64651-65FD-4266-BA2A-A2DEBAC4A942}.Release|Any CPU.Build.0 = Release|Any CPU
	EndGlobalSection
	GlobalSection(SolutionProperties) = preSolution
		HideSolutionNode = FALSE
	EndGlobalSection
	GlobalSection(NestedProjects) = preSolution
		{8D185029-E203-47E7-8C69-B267C06F0309} = {1C366767-16CE-4BCE-990D-8BE3CA29036C}
		{C7F64651-65FD-4266-BA2A-A2DEBAC4A942} = {3B70CCA6-1A87-4736-9519-433DF1946D84}
	EndGlobalSection
	GlobalSection(ExtensibilityGlobals) = postSolution
		SolutionGuid = {0C785639-8FCC-41D2-934F-598B15C238F4}
	EndGlobalSection
EndGlobal
